{
  "name": "bessonniy-vpn",
  "version": "1.0.0",
  "lockfileVersion": 3,
  "requires": true,
  "packages": {
    "": {
      "name": "bessonniy-vpn",
      "version": "1.0.0",
      "license": "ISC",
      "dependencies": {
        "@openai/codex-sdk": "^0.50.0"
      }
    },
    "node_modules/@openai/codex-sdk": {
      "version": "0.50.0",
      "resolved": "https://registry.npmjs.org/@openai/codex-sdk/-/codex-sdk-0.50.0.tgz",
      "integrity": "sha512-qChQKK0wNOOiPqJ2U+4jP6suWsZeWhH+tVbyZeBzLZrJpsnvyJpAvNSH4jslCj+XQb0Q9yz2y4xgiGUEdF6XBg==",
      "license": "Apache-2.0",
      "engines": {
        "node": ">=18"
      }
    }
  }
}
